github.com/gobardofw/utils v0.0.0-20201006095337-f86f1bc04195 h1:Z4huCEfLBC4S/W+YFboeahuKHEwWgsG2NtwfM9edIUU=
github.com/gobardofw/utils v0.0.0-20201006095337-f86f1bc04195/go.mod h1:3hBJBNoYUNsbFKd9gnS5LbTed2V+gJ3I2JON6f92wqg=
github.com/tidwall/gjson v1.6.1 h1:LRbvNuNuvAiISWg6gxLEFuCe72UKy5hDqhxW/8183ws=
github.com/tidwall/gjson v1.6.1/go.mod h1:BaHyNc5bjzYkPqgLq7mdVzeiRtULKULXLgZFKsxEHI0=
github.com/tidwall/match v1.0.1 h1:PnKP62LPNxHKTwvHHZZzdOAOCtsJTjo6dZLCwpKm5xc=
github.com/tidwall/match v1.0.1/go.mod h1:LujAq0jyVjBy028G1WhWfIzbpQfMO8bBZ6Tyb0+pL9E=
github.com/tidwall/pretty v1.0.2 h1:Z7S3cePv9Jwm1KwS0513MRaoUe3S01WPbLNV40pwWZU=
github.com/tidwall/pretty v1.0.2/go.mod h1:XNkn88O1ChpSDQmQeStsy+sBenx6DDtFZJxhVysOjyk=
github.com/yaa110/go-persian-calendar v0.5.0 h1:R6ADEJe2YXcLBVT7H/igb1tmLwr7SDAaVoDDdP0mmPE=
github.com/yaa110/go-persian-calendar v0.5.0/go.mod h1:KaNCW2YgfpMb48BofaTT99u0hdKUILpHeGhqaZ6GgkQ=
